// !$*UTF8*$!
{
	archiveVersion = 1;
	classes = {
	};
	objectVersion = 52;
	objects = {

/* Begin PBXBuildFile section */
		651964EF268C74FA0024445B /* AppDelegate.swift in Sources */ = {isa = PBXBuildFile; fileRef = 651964EE268C74FA0024445B /* AppDelegate.swift */; };
		651964F1268C74FA0024445B /* SceneDelegate.swift in Sources */ = {isa = PBXBuildFile; fileRef = 651964F0268C74FA0024445B /* SceneDelegate.swift */; };
		651964F3268C74FA0024445B /* MainViewController.swift in Sources */ = {isa = PBXBuildFile; fileRef = 651964F2268C74FA0024445B /* MainViewController.swift */; };
		651964F6268C74FA0024445B /* Main.storyboard in Resources */ = {isa = PBXBuildFile; fileRef = 651964F4268C74FA0024445B /* Main.storyboard */; };
		651964F8268C74FA0024445B /* Assets.xcassets in Resources */ = {isa = PBXBuildFile; fileRef = 651964F7268C74FA0024445B /* Assets.xcassets */; };
		651964FB268C74FA0024445B /* LaunchScreen.storyboard in Resources */ = {isa = PBXBuildFile; fileRef = 651964F9268C74FA0024445B /* LaunchScreen.storyboard */; };
		65196504268C751B0024445B /* Apollo in Frameworks */ = {isa = PBXBuildFile; productRef = 65196503268C751B0024445B /* Apollo */; };
		65196508268C758C0024445B /* Queries.graphql in Resources */ = {isa = PBXBuildFile; fileRef = 65196507268C758C0024445B /* Queries.graphql */; };
		6519650A268C75930024445B /* API.swift in Sources */ = {isa = PBXBuildFile; fileRef = 65196509268C75930024445B /* API.swift */; };
		6519650D268C771B0024445B /* Network.swift in Sources */ = {isa = PBXBuildFile; fileRef = 6519650C268C771B0024445B /* Network.swift */; };
		65196510268C77AB0024445B /* DataViewController.swift in Sources */ = {isa = PBXBuildFile; fileRef = 6519650F268C77AB0024445B /* DataViewController.swift */; };
/* End PBXBuildFile section */

/* Begin PBXFileReference section */
		651964EB268C74FA0024445B /* SampleClientiOS.app */ = {isa = PBXFileReference; explicitFileType = wrapper.application; includeInIndex = 0; path = SampleClientiOS.app; sourceTree = BUILT_PRODUCTS_DIR; };
		651964EE268C74FA0024445B /* AppDelegate.swift */ = {isa = PBXFileReference; lastKnownFileType = sourcecode.swift; path = AppDelegate.swift; sourceTree = "<group>"; };
		651964F0268C74FA0024445B /* SceneDelegate.swift */ = {isa = PBXFileReference; lastKnownFileType = sourcecode.swift; path = SceneDelegate.swift; sourceTree = "<group>"; };
		651964F2268C74FA0024445B /* MainViewController.swift */ = {isa = PBXFileReference; lastKnownFileType = sourcecode.swift; path = MainViewController.swift; sourceTree = "<group>"; };
		651964F5268C74FA0024445B /* Base */ = {isa = PBXFileReference; lastKnownFileType = file.storyboard; name = Base; path = Base.lproj/Main.storyboard; sourceTree = "<group>"; };
		651964F7268C74FA0024445B /* Assets.xcassets */ = {isa = PBXFileReference; lastKnownFileType = folder.assetcatalog; path = Assets.xcassets; sourceTree = "<group>"; };
		651964FA268C74FA0024445B /* Base */ = {isa = PBXFileReference; lastKnownFileType = file.storyboard; name = Base; path = Base.lproj/LaunchScreen.storyboard; sourceTree = "<group>"; };
		651964FC268C74FA0024445B /* Info.plist */ = {isa = PBXFileReference; lastKnownFileType = text.plist.xml; path = Info.plist; sourceTree = "<group>"; };
		65196507268C758C0024445B /* Queries.graphql */ = {isa = PBXFileReference; lastKnownFileType = text; path = Queries.graphql; sourceTree = "<group>"; };
		65196509268C75930024445B /* API.swift */ = {isa = PBXFileReference; lastKnownFileType = sourcecode.swift; path = API.swift; sourceTree = "<group>"; };
		6519650B268C75F60024445B /* schema.json */ = {isa = PBXFileReference; lastKnownFileType = text.json; path = schema.json; sourceTree = "<group>"; };
		6519650C268C771B0024445B /* Network.swift */ = {isa = PBXFileReference; lastKnownFileType = sourcecode.swift; path = Network.swift; sourceTree = "<group>"; };
		6519650F268C77AB0024445B /* DataViewController.swift */ = {isa = PBXFileReference; lastKnownFileType = sourcecode.swift; path = DataViewController.swift; sourceTree = "<group>"; };
/* End PBXFileReference section */

/* Begin PBXFrameworksBuildPhase section */
		651964E8268C74FA0024445B /* Frameworks */ = {
			isa = PBXFrameworksBuildPhase;
			buildActionMask = 2147483647;
			files = (
				65196504268C751B0024445B /* Apollo in Frameworks */,
			);
			runOnlyForDeploymentPostprocessing = 0;
		};
/* End PBXFrameworksBuildPhase section */

/* Begin PBXGroup section */
		651964E2268C74FA0024445B = {
			isa = PBXGroup;
			children = (
				651964ED268C74FA0024445B /* SampleClientiOS */,
				651964EC268C74FA0024445B /* Products */,
			);
			sourceTree = "<group>";
		};
		651964EC268C74FA0024445B /* Products */ = {
			isa = PBXGroup;
			children = (
				651964EB268C74FA0024445B /* SampleClientiOS.app */,
			);
			name = Products;
			sourceTree = "<group>";
		};
		651964ED268C74FA0024445B /* SampleClientiOS */ = {
			isa = PBXGroup;
			children = (
				6519650E268C77210024445B /* GraphQL */,
				651964EE268C74FA0024445B /* AppDelegate.swift */,
				651964F0268C74FA0024445B /* SceneDelegate.swift */,
				651964F2268C74FA0024445B /* MainViewController.swift */,
				6519650F268C77AB0024445B /* DataViewController.swift */,
				651964F4268C74FA0024445B /* Main.storyboard */,
				651964F7268C74FA0024445B /* Assets.xcassets */,
				651964F9268C74FA0024445B /* LaunchScreen.storyboard */,
				651964FC268C74FA0024445B /* Info.plist */,
				6519650B268C75F60024445B /* schema.json */,
			);
			path = SampleClientiOS;
			sourceTree = "<group>";
		};
		6519650E268C77210024445B /* GraphQL */ = {
			isa = PBXGroup;
			children = (
				65196507268C758C0024445B /* Queries.graphql */,
				65196509268C75930024445B /* API.swift */,
				6519650C268C771B0024445B /* Network.swift */,
			);
			path = GraphQL;
			sourceTree = "<group>";
		};
/* End PBXGroup section */

/* Begin PBXNativeTarget section */
		651964EA268C74FA0024445B /* SampleClientiOS */ = {
			isa = PBXNativeTarget;
			buildConfigurationList = 651964FF268C74FA0024445B /* Build configuration list for PBXNativeTarget "SampleClientiOS" */;
			buildPhases = (
				65196505268C753C0024445B /* Apollo CLI */,
				651964E7268C74FA0024445B /* Sources */,
				651964E8268C74FA0024445B /* Frameworks */,
				651964E9268C74FA0024445B /* Resources */,
			);
			buildRules = (
			);
			dependencies = (
			);
			name = SampleClientiOS;
			packageProductDependencies = (
				65196503268C751B0024445B /* Apollo */,
			);
			productName = SampleClientiOS;
			productReference = 651964EB268C74FA0024445B /* SampleClientiOS.app */;
			productType = "com.apple.product-type.application";
		};
/* End PBXNativeTarget section */

/* Begin PBXProject section */
		651964E3268C74FA0024445B /* Project object */ = {
			isa = PBXProject;
			attributes = {
				LastSwiftUpdateCheck = 1250;
				LastUpgradeCheck = 1250;
				TargetAttributes = {
					651964EA268C74FA0024445B = {
						CreatedOnToolsVersion = 12.5;
					};
				};
			};
			buildConfigurationList = 651964E6268C74FA0024445B /* Build configuration list for PBXProject "SampleClientiOS" */;
			compatibilityVersion = "Xcode 9.3";
			developmentRegion = en;
			hasScannedForEncodings = 0;
			knownRegions = (
				en,
				Base,
			);
			mainGroup = 651964E2268C74FA0024445B;
			packageReferences = (
				65196502268C751B0024445B /* XCRemoteSwiftPackageReference "apollo-ios" */,
			);
			productRefGroup = 651964EC268C74FA0024445B /* Products */;
			projectDirPath = "";
			projectRoot = "";
			targets = (
				651964EA268C74FA0024445B /* SampleClientiOS */,
			);
		};
/* End PBXProject section */

/* Begin PBXResourcesBuildPhase section */
		651964E9268C74FA0024445B /* Resources */ = {
			isa = PBXResourcesBuildPhase;
			buildActionMask = 2147483647;
			files = (
				651964FB268C74FA0024445B /* LaunchScreen.storyboard in Resources */,
				651964F8268C74FA0024445B /* Assets.xcassets in Resources */,
				65196508268C758C0024445B /* Queries.graphql in Resources */,
				651964F6268C74FA0024445B /* Main.storyboard in Resources */,
			);
			runOnlyForDeploymentPostprocessing = 0;
		};
/* End PBXResourcesBuildPhase section */

/* Begin PBXShellScriptBuildPhase section */
		65196505268C753C0024445B /* Apollo CLI */ = {
			isa = PBXShellScriptBuildPhase;
			buildActionMask = 2147483647;
			files = (
			);
			inputFileListPaths = (
			);
			inputPaths = (
			);
			name = "Apollo CLI";
			outputFileListPaths = (
			);
			outputPaths = (
			);
			runOnlyForDeploymentPostprocessing = 0;
			shellPath = /bin/sh;
			shellScript = "# Go to the build root and search up the chain to find the Derived Data Path where the source packages are checked out.\nDERIVED_DATA_CANDIDATE=\"${BUILD_ROOT}\"\n\nwhile ! [ -d \"${DERIVED_DATA_CANDIDATE}/SourcePackages\" ]; do\n  if [ \"${DERIVED_DATA_CANDIDATE}\" = / ]; then\n    echo >&2 \"error: Unable to locate SourcePackages directory from BUILD_ROOT: '${BUILD_ROOT}'\"\n    exit 1\n  fi\n\n  DERIVED_DATA_CANDIDATE=\"$(dirname \"${DERIVED_DATA_CANDIDATE}\")\"\ndone\n\n# Grab a reference to the directory where scripts are checked out\nSCRIPT_PATH=\"${DERIVED_DATA_CANDIDATE}/SourcePackages/checkouts/apollo-ios/scripts\"\n\nif [ -z \"${SCRIPT_PATH}\" ]; then\n    echo >&2 \"error: Couldn't find the CLI script in your checked out SPM packages; make sure to add the framework to your project.\"\n    exit 1\nfi\n\ncd \"${SRCROOT}/${TARGET_NAME}\"\n\"${SCRIPT_PATH}\"/run-bundled-codegen.sh codegen:generate --target=swift --includes=./**/*.graphql --localSchemaFile=\"schema.json\" API.swift\n#\"${SCRIPT_PATH}\"/run-bundled-codegen.sh schema:download --endpoint=\"http://localhost:4000/api\"\n";
		};
/* End PBXShellScriptBuildPhase section */

/* Begin PBXSourcesBuildPhase section */
		651964E7268C74FA0024445B /* Sources */ = {
			isa = PBXSourcesBuildPhase;
			buildActionMask = 2147483647;
			files = (
				6519650D268C771B0024445B /* Network.swift in Sources */,
				651964F3268C74FA0024445B /* MainViewController.swift in Sources */,
				651964EF268C74FA0024445B /* AppDelegate.swift in Sources */,
				6519650A268C75930024445B /* API.swift in Sources */,
				65196510268C77AB0024445B /* DataViewController.swift in Sources */,
				651964F1268C74FA0024445B /* SceneDelegate.swift in Sources */,
			);
			runOnlyForDeploymentPostprocessing = 0;
		};
/* End PBXSourcesBuildPhase section */

/* Begin PBXVariantGroup section */
		651964F4268C74FA0024445B /* Main.storyboard */ = {
			isa = PBXVariantGroup;
			children = (
				651964F5268C74FA0024445B /* Base */,
			);
			name = Main.storyboard;
			sourceTree = "<group>";
		};
		651964F9268C74FA0024445B /* LaunchScreen.storyboard */ = {
			isa = PBXVariantGroup;
			children = (
				651964FA268C74FA0024445B /* Base */,
			);
			name = LaunchScreen.storyboard;
			sourceTree = "<group>";
		};
/* End PBXVariantGroup section */

/* Begin XCBuildConfiguration section */
		651964FD268C74FA0024445B /* Debug */ = {
			isa = XCBuildConfiguration;
			buildSettings = {
				ALWAYS_SEARCH_USER_PATHS = NO;
				CLANG_ANALYZER_NONNULL = YES;
				CLANG_ANALYZER_NUMBER_OBJECT_CONVERSION = YES_AGGRESSIVE;
				CLANG_CXX_LANGUAGE_STANDARD = "gnu++14";
				CLANG_CXX_LIBRARY = "libc++";
				CLANG_ENABLE_MODULES = YES;
				CLANG_ENABLE_OBJC_ARC = YES;
				CLANG_ENABLE_OBJC_WEAK = YES;
				CLANG_WARN_BLOCK_CAPTURE_AUTORELEASING = YES;
				CLANG_WARN_BOOL_CONVERSION = YES;
				CLANG_WARN_COMMA = YES;
				CLANG_WARN_CONSTANT_CONVERSION = YES;
				CLANG_WARN_DEPRECATED_OBJC_IMPLEMENTATIONS = YES;
				CLANG_WARN_DIRECT_OBJC_ISA_USAGE = YES_ERROR;
				CLANG_WARN_DOCUMENTATION_COMMENTS = YES;
				CLANG_WARN_EMPTY_BODY = YES;
				CLANG_WARN_ENUM_CONVERSION = YES;
				CLANG_WARN_INFINITE_RECURSION = YES;
				CLANG_WARN_INT_CONVERSION = YES;
				CLANG_WARN_NON_LITERAL_NULL_CONVERSION = YES;
				CLANG_WARN_OBJC_IMPLICIT_RETAIN_SELF = YES;
				CLANG_WARN_OBJC_LITERAL_CONVERSION = YES;
				CLANG_WARN_OBJC_ROOT_CLASS = YES_ERROR;
				CLANG_WARN_QUOTED_INCLUDE_IN_FRAMEWORK_HEADER = YES;
				CLANG_WARN_RANGE_LOOP_ANALYSIS = YES;
				CLANG_WARN_STRICT_PROTOTYPES = YES;
				CLANG_WARN_SUSPICIOUS_MOVE = YES;
				CLANG_WARN_UNGUARDED_AVAILABILITY = YES_AGGRESSIVE;
				CLANG_WARN_UNREACHABLE_CODE = YES;
				CLANG_WARN__DUPLICATE_METHOD_MATCH = YES;
				COPY_PHASE_STRIP = NO;
				DEBUG_INFORMATION_FORMAT = dwarf;
				ENABLE_STRICT_OBJC_MSGSEND = YES;
				ENABLE_TESTABILITY = YES;
				GCC_C_LANGUAGE_STANDARD = gnu11;
				GCC_DYNAMIC_NO_PIC = NO;
				GCC_NO_COMMON_BLOCKS = YES;
				GCC_OPTIMIZATION_LEVEL = 0;
				GCC_PREPROCESSOR_DEFINITIONS = (
					"DEBUG=1",
					"$(inherited)",
				);
				GCC_WARN_64_TO_32_BIT_CONVERSION = YES;
				GCC_WARN_ABOUT_RETURN_TYPE = YES_ERROR;
				GCC_WARN_UNDECLARED_SELECTOR = YES;
				GCC_WARN_UNINITIALIZED_AUTOS = YES_AGGRESSIVE;
				GCC_WARN_UNUSED_FUNCTION = YES;
				GCC_WARN_UNUSED_VARIABLE = YES;
				IPHONEOS_DEPLOYMENT_TARGET = 14.5;
				MTL_ENABLE_DEBUG_INFO = INCLUDE_SOURCE;
				MTL_FAST_MATH = YES;
				ONLY_ACTIVE_ARCH = YES;
				SDKROOT = iphoneos;
				SWIFT_ACTIVE_COMPILATION_CONDITIONS = DEBUG;
				SWIFT_OPTIMIZATION_LEVEL = "-Onone";
			};
			name = Debug;
		};
		651964FE268C74FA0024445B /* Release */ = {
			isa = XCBuildConfiguration;
			buildSettings = {
				ALWAYS_SEARCH_USER_PATHS = NO;
				CLANG_ANALYZER_NONNULL = YES;
				CLANG_ANALYZER_NUMBER_OBJECT_CONVERSION = YES_AGGRESSIVE;
				CLANG_CXX_LANGUAGE_STANDARD = "gnu++14";
				CLANG_CXX_LIBRARY = "libc++";
				CLANG_ENABLE_MODULES = YES;
				CLANG_ENABLE_OBJC_ARC = YES;
				CLANG_ENABLE_OBJC_WEAK = YES;
				CLANG_WARN_BLOCK_CAPTURE_AUTORELEASING = YES;
				CLANG_WARN_BOOL_CONVERSION = YES;
				CLANG_WARN_COMMA = YES;
				CLANG_WARN_CONSTANT_CONVERSION = YES;
				CLANG_WARN_DEPRECATED_OBJC_IMPLEMENTATIONS = YES;
				CLANG_WARN_DIRECT_OBJC_ISA_USAGE = YES_ERROR;
				CLANG_WARN_DOCUMENTATION_COMMENTS = YES;
				CLANG_WARN_EMPTY_BODY = YES;
				CLANG_WARN_ENUM_CONVERSION = YES;
				CLANG_WARN_INFINITE_RECURSION = YES;
				CLANG_WARN_INT_CONVERSION = YES;
				CLANG_WARN_NON_LITERAL_NULL_CONVERSION = YES;
				CLANG_WARN_OBJC_IMPLICIT_RETAIN_SELF = YES;
				CLANG_WARN_OBJC_LITERAL_CONVERSION = YES;
				CLANG_WARN_OBJC_ROOT_CLASS = YES_ERROR;
				CLANG_WARN_QUOTED_INCLUDE_IN_FRAMEWORK_HEADER = YES;
				CLANG_WARN_RANGE_LOOP_ANALYSIS = YES;
				CLANG_WARN_STRICT_PROTOTYPES = YES;
				CLANG_WARN_SUSPICIOUS_MOVE = YES;
				CLANG_WARN_UNGUARDED_AVAILABILITY = YES_AGGRESSIVE;
				CLANG_WARN_UNREACHABLE_CODE = YES;
				CLANG_WARN__DUPLICATE_METHOD_MATCH = YES;
				COPY_PHASE_STRIP = NO;
				DEBUG_INFORMATION_FORMAT = "dwarf-with-dsym";
				ENABLE_NS_ASSERTIONS = NO;
				ENABLE_STRICT_OBJC_MSGSEND = YES;
				GCC_C_LANGUAGE_STANDARD = gnu11;
				GCC_NO_COMMON_BLOCKS = YES;
				GCC_WARN_64_TO_32_BIT_CONVERSION = YES;
				GCC_WARN_ABOUT_RETURN_TYPE = YES_ERROR;
				GCC_WARN_UNDECLARED_SELECTOR = YES;
				GCC_WARN_UNINITIALIZED_AUTOS = YES_AGGRESSIVE;
				GCC_WARN_UNUSED_FUNCTION = YES;
				GCC_WARN_UNUSED_VARIABLE = YES;
				IPHONEOS_DEPLOYMENT_TARGET = 14.5;
				MTL_ENABLE_DEBUG_INFO = NO;
				MTL_FAST_MATH = YES;
				SDKROOT = iphoneos;
				SWIFT_COMPILATION_MODE = wholemodule;
				SWIFT_OPTIMIZATION_LEVEL = "-O";
				VALIDATE_PRODUCT = YES;
			};
			name = Release;
		};
		65196500268C74FA0024445B /* Debug */ = {
			isa = XCBuildConfiguration;
			buildSettings = {
				ASSETCATALOG_COMPILER_APPICON_NAME = AppIcon;
				ASSETCATALOG_COMPILER_GLOBAL_ACCENT_COLOR_NAME = AccentColor;
				CODE_SIGN_STYLE = Automatic;
				DEVELOPMENT_TEAM = 267W876FYR;
				INFOPLIST_FILE = SampleClientiOS/Info.plist;
				LD_RUNPATH_SEARCH_PATHS = (
					"$(inherited)",
					"@executable_path/Frameworks",
				);
				PRODUCT_BUNDLE_IDENTIFIER = kr.ac.kpu.SampleClientiOS;
				PRODUCT_NAME = "$(TARGET_NAME)";
				SWIFT_VERSION = 5.0;
				TARGETED_DEVICE_FAMILY = "1,2";
			};
			name = Debug;
		};
		65196501268C74FA0024445B /* Release */ = {
			isa = XCBuildConfiguration;
			buildSettings = {
				ASSETCATALOG_COMPILER_APPICON_NAME = AppIcon;
				ASSETCATALOG_COMPILER_GLOBAL_ACCENT_COLOR_NAME = AccentColor;
				CODE_SIGN_STYLE = Automatic;
				DEVELOPMENT_TEAM = 267W876FYR;
				INFOPLIST_FILE = SampleClientiOS/Info.plist;
				LD_RUNPATH_SEARCH_PATHS = (
					"$(inherited)",
					"@executable_path/Frameworks",
				);
				PRODUCT_BUNDLE_IDENTIFIER = kr.ac.kpu.SampleClientiOS;
				PRODUCT_NAME = "$(TARGET_NAME)";
				SWIFT_VERSION = 5.0;
				TARGETED_DEVICE_FAMILY = "1,2";
			};
			name = Release;
		};
/* End XCBuildConfiguration section */

/* Begin XCConfigurationList section */
		651964E6268C74FA0024445B /* Build configuration list for PBXProject "SampleClientiOS" */ = {
			isa = XCConfigurationList;
			buildConfigurations = (
				651964FD268C74FA0024445B /* Debug */,
				651964FE268C74FA0024445B /* Release */,
			);
			defaultConfigurationIsVisible = 0;
			defaultConfigurationName = Release;
		};
		651964FF268C74FA0024445B /* Build configuration list for PBXNativeTarget "SampleClientiOS" */ = {
			isa = XCConfigurationList;
			buildConfigurations = (
				65196500268C74FA0024445B /* Debug */,
				65196501268C74FA0024445B /* Release */,
			);
			defaultConfigurationIsVisible = 0;
			defaultConfigurationName = Release;
		};
/* End XCConfigurationList section */

/* Begin XCRemoteSwiftPackageReference section */
		65196502268C751B0024445B /* XCRemoteSwiftPackageReference "apollo-ios" */ = {
			isa = XCRemoteSwiftPackageReference;
			repositoryURL = "https://github.com/apollographql/apollo-ios.git";
			requirement = {
				kind = upToNextMajorVersion;
				minimumVersion = 0.44.0;
			};
		};
/* End XCRemoteSwiftPackageReference section */

/* Begin XCSwiftPackageProductDependency section */
		65196503268C751B0024445B /* Apollo */ = {
			isa = XCSwiftPackageProductDependency;
			package = 65196502268C751B0024445B /* XCRemoteSwiftPackageReference "apollo-ios" */;
			productName = Apollo;
		};
/* End XCSwiftPackageProductDependency section */
	};
	rootObject = 651964E3268C74FA0024445B /* Project object */;
}
